// !$*UTF8*$!
{
	archiveVersion = 1;
	classes = {
	};
	objectVersion = 46;
	objects = {

/* Begin PBXBuildFile section */
		D1E98D9B1A9CC8F5002658E8 /* main.m in Sources */ = {isa = PBXBuildFile; fileRef = D1E98D9A1A9CC8F5002658E8 /* main.m */; };
		D1E98D9E1A9CC8F5002658E8 /* AppDelegate.m in Sources */ = {isa = PBXBuildFile; fileRef = D1E98D9D1A9CC8F5002658E8 /* AppDelegate.m */; };
		D1E98DA11A9CC8F5002658E8 /* ViewController.m in Sources */ = {isa = PBXBuildFile; fileRef = D1E98DA01A9CC8F5002658E8 /* ViewController.m */; };
		D1E98DA41A9CC8F5002658E8 /* Main.storyboard in Resources */ = {isa = PBXBuildFile; fileRef = D1E98DA21A9CC8F5002658E8 /* Main.storyboard */; };
		D1E98DA61A9CC8F5002658E8 /* Images.xcassets in Resources */ = {isa = PBXBuildFile; fileRef = D1E98DA51A9CC8F5002658E8 /* Images.xcassets */; };
		D1E98DA91A9CC8F5002658E8 /* LaunchScreen.xib in Resources */ = {isa = PBXBuildFile; fileRef = D1E98DA71A9CC8F5002658E8 /* LaunchScreen.xib */; };
		D1E98DB51A9CC8F5002658E8 /* CanvasTests.m in Sources */ = {isa = PBXBuildFile; fileRef = D1E98DB41A9CC8F5002658E8 /* CanvasTests.m */; };
/* End PBXBuildFile section */

/* Begin PBXContainerItemProxy section */
		D1E98DAF1A9CC8F5002658E8 /* PBXContainerItemProxy */ = {
			isa = PBXContainerItemProxy;
			containerPortal = D1E98D8D1A9CC8F5002658E8 /* Project object */;
			proxyType = 1;
			remoteGlobalIDString = D1E98D941A9CC8F5002658E8;
			remoteInfo = Canvas;
		};
/* End PBXContainerItemProxy section */

/* Begin PBXFileReference section */
		D1E98D951A9CC8F5002658E8 /* Canvas.app */ = {isa = PBXFileReference; explicitFileType = wrapper.application; includeInIndex = 0; path = Canvas.app; sourceTree = BUILT_PRODUCTS_DIR; };
		D1E98D991A9CC8F5002658E8 /* Info.plist */ = {isa = PBXFileReference; lastKnownFileType = text.plist.xml; path = Info.plist; sourceTree = "<group>"; };
		D1E98D9A1A9CC8F5002658E8 /* main.m */ = {isa = PBXFileReference; lastKnownFileType = sourcecode.c.objc; path = main.m; sourceTree = "<group>"; };
		D1E98D9C1A9CC8F5002658E8 /* AppDelegate.h */ = {isa = PBXFileReference; lastKnownFileType = sourcecode.c.h; path = AppDelegate.h; sourceTree = "<group>"; };
		D1E98D9D1A9CC8F5002658E8 /* AppDelegate.m */ = {isa = PBXFileReference; lastKnownFileType = sourcecode.c.objc; path = AppDelegate.m; sourceTree = "<group>"; };
		D1E98D9F1A9CC8F5002658E8 /* ViewController.h */ = {isa = PBXFileReference; lastKnownFileType = sourcecode.c.h; path = ViewController.h; sourceTree = "<group>"; };
		D1E98DA01A9CC8F5002658E8 /* ViewController.m */ = {isa = PBXFileReference; lastKnownFileType = sourcecode.c.objc; path = ViewController.m; sourceTree = "<group>"; };
		D1E98DA31A9CC8F5002658E8 /* Base */ = {isa = PBXFileReference; lastKnownFileType = file.storyboard; name = Base; path = Base.lproj/Main.storyboard; sourceTree = "<group>"; };
		D1E98DA51A9CC8F5002658E8 /* Images.xcassets */ = {isa = PBXFileReference; lastKnownFileType = folder.assetcatalog; path = Images.xcassets; sourceTree = "<group>"; };
		D1E98DA81A9CC8F5002658E8 /* Base */ = {isa = PBXFileReference; lastKnownFileType = file.xib; name = Base; path = Base.lproj/LaunchScreen.xib; sourceTree = "<group>"; };
		D1E98DAE1A9CC8F5002658E8 /* CanvasTests.xctest */ = {isa = PBXFileReference; explicitFileType = wrapper.cfbundle; includeInIndex = 0; path = CanvasTests.xctest; sourceTree = BUILT_PRODUCTS_DIR; };
		D1E98DB31A9CC8F5002658E8 /* Info.plist */ = {isa = PBXFileReference; lastKnownFileType = text.plist.xml; path = Info.plist; sourceTree = "<group>"; };
		D1E98DB41A9CC8F5002658E8 /* CanvasTests.m */ = {isa = PBXFileReference; lastKnownFileType = sourcecode.c.objc; path = CanvasTests.m; sourceTree = "<group>"; };
/* End PBXFileReference section */

/* Begin PBXFrameworksBuildPhase section */
		D1E98D921A9CC8F5002658E8 /* Frameworks */ = {
			isa = PBXFrameworksBuildPhase;
			buildActionMask = 2147483647;
			files = (
			);
			runOnlyForDeploymentPostprocessing = 0;
		};
		D1E98DAB1A9CC8F5002658E8 /* Frameworks */ = {
			isa = PBXFrameworksBuildPhase;
			buildActionMask = 2147483647;
			files = (
			);
			runOnlyForDeploymentPostprocessing = 0;
		};
/* End PBXFrameworksBuildPhase section */

/* Begin PBXGroup section */
		D1E98D8C1A9CC8F5002658E8 = {
			isa = PBXGroup;
			children = (
				D1E98D971A9CC8F5002658E8 /* Canvas */,
				D1E98DB11A9CC8F5002658E8 /* CanvasTests */,
				D1E98D961A9CC8F5002658E8 /* Products */,
			);
			sourceTree = "<group>";
		};
		D1E98D961A9CC8F5002658E8 /* Products */ = {
			isa = PBXGroup;
			children = (
				D1E98D951A9CC8F5002658E8 /* Canvas.app */,
				D1E98DAE1A9CC8F5002658E8 /* CanvasTests.xctest */,
			);
			name = Products;
			sourceTree = "<group>";
		};
		D1E98D971A9CC8F5002658E8 /* Canvas */ = {
			isa = PBXGroup;
			children = (
				D1E98D9C1A9CC8F5002658E8 /* AppDelegate.h */,
				D1E98D9D1A9CC8F5002658E8 /* AppDelegate.m */,
				D1E98D9F1A9CC8F5002658E8 /* ViewController.h */,
				D1E98DA01A9CC8F5002658E8 /* ViewController.m */,
				D1E98DA21A9CC8F5002658E8 /* Main.storyboard */,
				D1E98DA51A9CC8F5002658E8 /* Images.xcassets */,
				D1E98DA71A9CC8F5002658E8 /* LaunchScreen.xib */,
				D1E98D981A9CC8F5002658E8 /* Supporting Files */,
			);
			path = Canvas;
			sourceTree = "<group>";
		};
		D1E98D981A9CC8F5002658E8 /* Supporting Files */ = {
			isa = PBXGroup;
			children = (
				D1E98D991A9CC8F5002658E8 /* Info.plist */,
				D1E98D9A1A9CC8F5002658E8 /* main.m */,
			);
			name = "Supporting Files";
			sourceTree = "<group>";
		};
		D1E98DB11A9CC8F5002658E8 /* CanvasTests */ = {
			isa = PBXGroup;
			children = (
				D1E98DB41A9CC8F5002658E8 /* CanvasTests.m */,
				D1E98DB21A9CC8F5002658E8 /* Supporting Files */,
			);
			path = CanvasTests;
			sourceTree = "<group>";
		};
		D1E98DB21A9CC8F5002658E8 /* Supporting Files */ = {
			isa = PBXGroup;
			children = (
				D1E98DB31A9CC8F5002658E8 /* Info.plist */,
			);
			name = "Supporting Files";
			sourceTree = "<group>";
		};
/* End PBXGroup section */

/* Begin PBXNativeTarget section */
		D1E98D941A9CC8F5002658E8 /* Canvas */ = {
			isa = PBXNativeTarget;
			buildConfigurationList = D1E98DB81A9CC8F5002658E8 /* Build configuration list for PBXNativeTarget "Canvas" */;
			buildPhases = (
				D1E98D911A9CC8F5002658E8 /* Sources */,
				D1E98D921A9CC8F5002658E8 /* Frameworks */,
				D1E98D931A9CC8F5002658E8 /* Resources */,
			);
			buildRules = (
			);
			dependencies = (
			);
			name = Canvas;
			productName = Canvas;
			productReference = D1E98D951A9CC8F5002658E8 /* Canvas.app */;
			productType = "com.apple.product-type.application";
		};
		D1E98DAD1A9CC8F5002658E8 /* CanvasTests */ = {
			isa = PBXNativeTarget;
			buildConfigurationList = D1E98DBB1A9CC8F5002658E8 /* Build configuration list for PBXNativeTarget "CanvasTests" */;
			buildPhases = (
				D1E98DAA1A9CC8F5002658E8 /* Sources */,
				D1E98DAB1A9CC8F5002658E8 /* Frameworks */,
				D1E98DAC1A9CC8F5002658E8 /* Resources */,
			);
			buildRules = (
			);
			dependencies = (
				D1E98DB01A9CC8F5002658E8 /* PBXTargetDependency */,
			);
			name = CanvasTests;
			productName = CanvasTests;
			productReference = D1E98DAE1A9CC8F5002658E8 /* CanvasTests.xctest */;
			productType = "com.apple.product-type.bundle.unit-test";
		};
/* End PBXNativeTarget section */

/* Begin PBXProject section */
		D1E98D8D1A9CC8F5002658E8 /* Project object */ = {
			isa = PBXProject;
			attributes = {
				LastUpgradeCheck = 0610;
				ORGANIZATIONNAME = "Sarp Centel";
				TargetAttributes = {
					D1E98D941A9CC8F5002658E8 = {
						CreatedOnToolsVersion = 6.1.1;
					};
					D1E98DAD1A9CC8F5002658E8 = {
						CreatedOnToolsVersion = 6.1.1;
						TestTargetID = D1E98D941A9CC8F5002658E8;
					};
				};
			};
			buildConfigurationList = D1E98D901A9CC8F5002658E8 /* Build configuration list for PBXProject "Canvas" */;
			compatibilityVersion = "Xcode 3.2";
			developmentRegion = English;
			hasScannedForEncodings = 0;
			knownRegions = (
				en,
				Base,
			);
			mainGroup = D1E98D8C1A9CC8F5002658E8;
			productRefGroup = D1E98D961A9CC8F5002658E8 /* Products */;
			projectDirPath = "";
			projectRoot = "";
			targets = (
				D1E98D941A9CC8F5002658E8 /* Canvas */,
				D1E98DAD1A9CC8F5002658E8 /* CanvasTests */,
			);
		};
/* End PBXProject section */

/* Begin PBXResourcesBuildPhase section */
		D1E98D931A9CC8F5002658E8 /* Resources */ = {
			isa = PBXResourcesBuildPhase;
			buildActionMask = 2147483647;
			files = (
				D1E98DA41A9CC8F5002658E8 /* Main.storyboard in Resources */,
				D1E98DA91A9CC8F5002658E8 /* LaunchScreen.xib in Resources */,
				D1E98DA61A9CC8F5002658E8 /* Images.xcassets in Resources */,
			);
			runOnlyForDeploymentPostprocessing = 0;
		};
		D1E98DAC1A9CC8F5002658E8 /* Resources */ = {
			isa = PBXResourcesBuildPhase;
			buildActionMask = 2147483647;
			files = (
			);
			runOnlyForDeploymentPostprocessing = 0;
		};
/* End PBXResourcesBuildPhase section */

/* Begin PBXSourcesBuildPhase section */
		D1E98D911A9CC8F5002658E8 /* Sources */ = {
			isa = PBXSourcesBuildPhase;
			buildActionMask = 2147483647;
			files = (
				D1E98DA11A9CC8F5002658E8 /* ViewController.m in Sources */,
				D1E98D9E1A9CC8F5002658E8 /* AppDelegate.m in Sources */,
				D1E98D9B1A9CC8F5002658E8 /* main.m in Sources */,
			);
			runOnlyForDeploymentPostprocessing = 0;
		};
		D1E98DAA1A9CC8F5002658E8 /* Sources */ = {
			isa = PBXSourcesBuildPhase;
			buildActionMask = 2147483647;
			files = (
				D1E98DB51A9CC8F5002658E8 /* CanvasTests.m in Sources */,
			);
			runOnlyForDeploymentPostprocessing = 0;
		};
/* End PBXSourcesBuildPhase section */

/* Begin PBXTargetDependency section */
		D1E98DB01A9CC8F5002658E8 /* PBXTargetDependency */ = {
			isa = PBXTargetDependency;
			target = D1E98D941A9CC8F5002658E8 /* Canvas */;
			targetProxy = D1E98DAF1A9CC8F5002658E8 /* PBXContainerItemProxy */;
		};
/* End PBXTargetDependency section */

/* Begin PBXVariantGroup section */
		D1E98DA21A9CC8F5002658E8 /* Main.storyboard */ = {
			isa = PBXVariantGroup;
			children = (
				D1E98DA31A9CC8F5002658E8 /* Base */,
			);
			name = Main.storyboard;
			sourceTree = "<group>";
		};
		D1E98DA71A9CC8F5002658E8 /* LaunchScreen.xib */ = {
			isa = PBXVariantGroup;
			children = (
				D1E98DA81A9CC8F5002658E8 /* Base */,
			);
			name = LaunchScreen.xib;
			sourceTree = "<group>";
		};
/* End PBXVariantGroup section */

/* Begin XCBuildConfiguration section */
		D1E98DB61A9CC8F5002658E8 /* Debug */ = {
			isa = XCBuildConfiguration;
			buildSettings = {
				ALWAYS_SEARCH_USER_PATHS = NO;
				CLANG_CXX_LANGUAGE_STANDARD = "gnu++0x";
				CLANG_CXX_LIBRARY = "libc++";
				CLANG_ENABLE_MODULES = YES;
				CLANG_ENABLE_OBJC_ARC = YES;
				CLANG_WARN_BOOL_CONVERSION = YES;
				CLANG_WARN_CONSTANT_CONVERSION = YES;
				CLANG_WARN_DIRECT_OBJC_ISA_USAGE = YES_ERROR;
				CLANG_WARN_EMPTY_BODY = YES;
				CLANG_WARN_ENUM_CONVERSION = YES;
				CLANG_WARN_INT_CONVERSION = YES;
				CLANG_WARN_OBJC_ROOT_CLASS = YES_ERROR;
				CLANG_WARN_UNREACHABLE_CODE = YES;
				CLANG_WARN__DUPLICATE_METHOD_MATCH = YES;
				"CODE_SIGN_IDENTITY[sdk=iphoneos*]" = "iPhone Developer";
				COPY_PHASE_STRIP = NO;
				ENABLE_STRICT_OBJC_MSGSEND = YES;
				GCC_C_LANGUAGE_STANDARD = gnu99;
				GCC_DYNAMIC_NO_PIC = NO;
				GCC_OPTIMIZATION_LEVEL = 0;
				GCC_PREPROCESSOR_DEFINITIONS = (
					"DEBUG=1",
					"$(inherited)",
				);
				GCC_SYMBOLS_PRIVATE_EXTERN = NO;
				GCC_WARN_64_TO_32_BIT_CONVERSION = YES;
				GCC_WARN_ABOUT_RETURN_TYPE = YES_ERROR;
				GCC_WARN_UNDECLARED_SELECTOR = YES;
				GCC_WARN_UNINITIALIZED_AUTOS = YES_AGGRESSIVE;
				GCC_WARN_UNUSED_FUNCTION = YES;
				GCC_WARN_UNUSED_VARIABLE = YES;
				IPHONEOS_DEPLOYMENT_TARGET = 8.1;
				MTL_ENABLE_DEBUG_INFO = YES;
				ONLY_ACTIVE_ARCH = YES;
				SDKROOT = iphoneos;
				TARGETED_DEVICE_FAMILY = "1,2";
			};
			name = Debug;
		};
		D1E98DB71A9CC8F5002658E8 /* Release */ = {
			isa = XCBuildConfiguration;
			buildSettings = {
				ALWAYS_SEARCH_USER_PATHS = NO;
				CLANG_CXX_LANGUAGE_STANDARD = "gnu++0x";
				CLANG_CXX_LIBRARY = "libc++";
				CLANG_ENABLE_MODULES = YES;
				CLANG_ENABLE_OBJC_ARC = YES;
				CLANG_WARN_BOOL_CONVERSION = YES;
				CLANG_WARN_CONSTANT_CONVERSION = YES;
				CLANG_WARN_DIRECT_OBJC_ISA_USAGE = YES_ERROR;
				CLANG_WARN_EMPTY_BODY = YES;
				CLANG_WARN_ENUM_CONVERSION = YES;
				CLANG_WARN_INT_CONVERSION = YES;
				CLANG_WARN_OBJC_ROOT_CLASS = YES_ERROR;
				CLANG_WARN_UNREACHABLE_CODE = YES;
				CLANG_WARN__DUPLICATE_METHOD_MATCH = YES;
				"CODE_SIGN_IDENTITY[sdk=iphoneos*]" = "iPhone Developer";
				COPY_PHASE_STRIP = YES;
				ENABLE_NS_ASSERTIONS = NO;
				ENABLE_STRICT_OBJC_MSGSEND = YES;
				GCC_C_LANGUAGE_STANDARD = gnu99;
				GCC_WARN_64_TO_32_BIT_CONVERSION = YES;
				GCC_WARN_ABOUT_RETURN_TYPE = YES_ERROR;
				GCC_WARN_UNDECLARED_SELECTOR = YES;
				GCC_WARN_UNINITIALIZED_AUTOS = YES_AGGRESSIVE;
				GCC_WARN_UNUSED_FUNCTION = YES;
				GCC_WARN_UNUSED_VARIABLE = YES;
				IPHONEOS_DEPLOYMENT_TARGET = 8.1;
				MTL_ENABLE_DEBUG_INFO = NO;
				SDKROOT = iphoneos;
				TARGETED_DEVICE_FAMILY = "1,2";
				VALIDATE_PRODUCT = YES;
			};
			name = Release;
		};
		D1E98DB91A9CC8F5002658E8 /* Debug */ = {
			isa = XCBuildConfiguration;
			buildSettings = {
				ASSETCATALOG_COMPILER_APPICON_NAME = AppIcon;
				INFOPLIST_FILE = Canvas/Info.plist;
				LD_RUNPATH_SEARCH_PATHS = "$(inherited) @executable_path/Frameworks";
				PRODUCT_NAME = "$(TARGET_NAME)";
			};
			name = Debug;
		};
		D1E98DBA1A9CC8F5002658E8 /* Release */ = {
			isa = XCBuildConfiguration;
			buildSettings = {
				ASSETCATALOG_COMPILER_APPICON_NAME = AppIcon;
				INFOPLIST_FILE = Canvas/Info.plist;
				LD_RUNPATH_SEARCH_PATHS = "$(inherited) @executable_path/Frameworks";
				PRODUCT_NAME = "$(TARGET_NAME)";
			};
			name = Release;
		};
		D1E98DBC1A9CC8F5002658E8 /* Debug */ = {
			isa = XCBuildConfiguration;
			buildSettings = {
				BUNDLE_LOADER = "$(TEST_HOST)";
				FRAMEWORK_SEARCH_PATHS = (
					"$(SDKROOT)/Developer/Library/Frameworks",
					"$(inherited)",
				);
				GCC_PREPROCESSOR_DEFINITIONS = (
					"DEBUG=1",
					"$(inherited)",
				);
				INFOPLIST_FILE = CanvasTests/Info.plist;
				LD_RUNPATH_SEARCH_PATHS = "$(inherited) @executable_path/Frameworks @loader_path/Frameworks";
				PRODUCT_NAME = "$(TARGET_NAME)";
				TEST_HOST = "$(BUILT_PRODUCTS_DIR)/Canvas.app/Canvas";
			};
			name = Debug;
		};
		D1E98DBD1A9CC8F5002658E8 /* Release */ = {
			isa = XCBuildConfiguration;
			buildSettings = {
				BUNDLE_LOADER = "$(TEST_HOST)";
				FRAMEWORK_SEARCH_PATHS = (
					"$(SDKROOT)/Developer/Library/Frameworks",
					"$(inherited)",
				);
				INFOPLIST_FILE = CanvasTests/Info.plist;
				LD_RUNPATH_SEARCH_PATHS = "$(inherited) @executable_path/Frameworks @loader_path/Frameworks";
				PRODUCT_NAME = "$(TARGET_NAME)";
				TEST_HOST = "$(BUILT_PRODUCTS_DIR)/Canvas.app/Canvas";
			};
			name = Release;
		};
/* End XCBuildConfiguration section */

/* Begin XCConfigurationList section */
		D1E98D901A9CC8F5002658E8 /* Build configuration list for PBXProject "Canvas" */ = {
			isa = XCConfigurationList;
			buildConfigurations = (
				D1E98DB61A9CC8F5002658E8 /* Debug */,
				D1E98DB71A9CC8F5002658E8 /* Release */,
			);
			defaultConfigurationIsVisible = 0;
			defaultConfigurationName = Release;
		};
		D1E98DB81A9CC8F5002658E8 /* Build configuration list for PBXNativeTarget "Canvas" */ = {
			isa = XCConfigurationList;
			buildConfigurations = (
				D1E98DB91A9CC8F5002658E8 /* Debug */,
				D1E98DBA1A9CC8F5002658E8 /* Release */,
			);
			defaultConfigurationIsVisible = 0;
		};
		D1E98DBB1A9CC8F5002658E8 /* Build configuration list for PBXNativeTarget "CanvasTests" */ = {
			isa = XCConfigurationList;
			buildConfigurations = (
				D1E98DBC1A9CC8F5002658E8 /* Debug */,
				D1E98DBD1A9CC8F5002658E8 /* Release */,
			);
			defaultConfigurationIsVisible = 0;
		};
/* End XCConfigurationList section */
	};
	rootObject = D1E98D8D1A9CC8F5002658E8 /* Project object */;
}
